
Microsoft Visual Studio Solution File, Format Version 12.00
# Visual Studio Version 16
VisualStudioVersion = 16.0.30907.101
MinimumVisualStudioVersion = 10.0.40219.1
Project("{FAE04EC0-301F-11D3-BF4B-00C04F79EFBC}") = "OOP1", "OOP1\OOP1.csproj", "{07528280-63BB-4B5C-A837-D83E2D5E6A3B}"
EndProject
Project("{FAE04EC0-301F-11D3-BF4B-00C04F79EFBC}") = "Koleksiyonlar", "Koleksiyonlar\Koleksiyonlar.csproj", "{1DF0A04D-87DC-4828-BFAE-380AFAE698D6}"
EndProject
Project("{FAE04EC0-301F-11D3-BF4B-00C04F79EFBC}") = "GenericsIntro", "GenericsIntro\GenericsIntro.csproj", "{234BE8B3-1FEB-43AD-AA76-5EA43A29F5D0}"
EndProject
Global
	GlobalSection(SolutionConfigurationPlatforms) = preSolution
		Debug|Any CPU = Debug|Any CPU
		Release|Any CPU = Release|Any CPU
	EndGlobalSection
	GlobalSection(ProjectConfigurationPlatforms) = postSolution
		{07528280-63BB-4B5C-A837-D83E2D5E6A3B}.Debug|Any CPU.ActiveCfg = Debug|Any CPU
		{07528280-63BB-4B5C-A837-D83E2D5E6A3B}.Debug|Any CPU.Build.0 = Debug|Any CPU
		{07528280-63BB-4B5C-A837-D83E2D5E6A3B}.Release|Any CPU.ActiveCfg = Release|Any CPU
		{07528280-63BB-4B5C-A837-D83E2D5E6A3B}.Release|Any CPU.Build.0 = Release|Any CPU
		{1DF0A04D-87DC-4828-BFAE-380AFAE698D6}.Debug|Any CPU.ActiveCfg = Debug|Any CPU
		{1DF0A04D-87DC-4828-BFAE-380AFAE698D6}.Debug|Any CPU.Build.0 = Debug|Any CPU
		{1DF0A04D-87DC-4828-BFAE-380AFAE698D6}.Release|Any CPU.ActiveCfg = Release|Any CPU
		{1DF0A04D-87DC-4828-BFAE-380AFAE698D6}.Release|Any CPU.Build.0 = Release|Any CPU
		{234BE8B3-1FEB-43AD-AA76-5EA43A29F5D0}.Debug|Any CPU.ActiveCfg = Debug|Any CPU
		{234BE8B3-1FEB-43AD-AA76-5EA43A29F5D0}.Debug|Any CPU.Build.0 = Debug|Any CPU
		{234BE8B3-1FEB-43AD-AA76-5EA43A29F5D0}.Release|Any CPU.ActiveCfg = Release|Any CPU
		{234BE8B3-1FEB-43AD-AA76-5EA43A29F5D0}.Release|Any CPU.Build.0 = Release|Any CPU
	EndGlobalSection
	GlobalSection(SolutionProperties) = preSolution
		HideSolutionNode = FALSE
	EndGlobalSection
	GlobalSection(ExtensibilityGlobals) = postSolution
		SolutionGuid = {6BBF21CA-9E29-493F-B6F2-0518AB7F2BC1}
	EndGlobalSection
EndGlobal
